
Microsoft Visual Studio Solution File, Format Version 12.00
# Visual Studio 2013
VisualStudioVersion = 12.0.31101.0
MinimumVisualStudioVersion = 10.0.40219.1
Project("{2150E333-8FDC-42A3-9474-1A3956D46DE8}") = ".nuget", ".nuget", "{0F1B054C-98DF-4012-BC9A-166472290467}"
	ProjectSection(SolutionItems) = preProject
		.nuget\NuGet.Config = .nuget\NuGet.Config
		.nuget\NuGet.exe = .nuget\NuGet.exe
		.nuget\NuGet.targets = .nuget\NuGet.targets
	EndProjectSection
EndProject
Project("{8BC9CEB8-8B4A-11D0-8D11-00A0C91BC942}") = "sdltest2", "Project1\Project1.vcxproj", "{D92A3877-B750-4A77-8D69-D200D88F0F55}"
EndProject
Global
	GlobalSection(SolutionConfigurationPlatforms) = preSolution
		Debug|Win32 = Debug|Win32
		Release|Win32 = Release|Win32
	EndGlobalSection
	GlobalSection(ProjectConfigurationPlatforms) = postSolution
		{D92A3877-B750-4A77-8D69-D200D88F0F55}.Debug|Win32.ActiveCfg = Debug|Win32
		{D92A3877-B750-4A77-8D69-D200D88F0F55}.Debug|Win32.Build.0 = Debug|Win32
		{D92A3877-B750-4A77-8D69-D200D88F0F55}.Release|Win32.ActiveCfg = Release|Win32
		{D92A3877-B750-4A77-8D69-D200D88F0F55}.Release|Win32.Build.0 = Release|Win32
	EndGlobalSection
	GlobalSection(SolutionProperties) = preSolution
		HideSolutionNode = FALSE
	EndGlobalSection
EndGlobal
